# THIS IS AN AUTOGENERATED FILE. DO NOT EDIT THIS FILE DIRECTLY.
# yarn lockfile v1


copy-anything@^3.0.2:
  version "3.0.2"
  resolved "https://registry.yarnpkg.com/copy-anything/-/copy-anything-3.0.2.tgz#7189171ff5e1893b2287e8bf574b8cd448ed50b1"
  integrity sha512-CzATjGXzUQ0EvuvgOCI6A4BGOo2bcVx8B+eC2nF862iv9fopnPQwlrbACakNCHRIJbCSBj+J/9JeDf60k64MkA==
  dependencies:
    is-what "^4.1.6"

is-what@^4.1.6:
  version "4.1.7"
  resolved "https://registry.yarnpkg.com/is-what/-/is-what-4.1.7.tgz#c41dc1d2d2d6a9285c624c2505f61849c8b1f9cc"
  integrity sha512-DBVOQNiPKnGMxRMLIYSwERAS5MVY1B7xYiGnpgctsOFvVDz9f9PFXXxMcTOHuoqYp4NK9qFYQaIC1NRRxLMpBQ==

superjson@^1.10.0:
  version "1.10.0"
  resolved "https://registry.yarnpkg.com/superjson/-/superjson-1.10.0.tgz#279362e6c1789b0b6bdfa280e82ee43d0e0fa514"
  integrity sha512-ks6I5fm5KXUbDqt4Epe1VwkKDaC9+kIj5HF7yhiHjChFne0EkFqsnTv1mdHE2IT6fq2CzLC3zeA/fw0BRIoNwA==
  dependencies:
    copy-anything "^3.0.2"
